
Microsoft Visual Studio Solution File, Format Version 12.00
# Visual Studio Version 17
VisualStudioVersion = 17.4.33205.214
MinimumVisualStudioVersion = 10.0.40219.1
Project("{FAE04EC0-301F-11D3-BF4B-00C04F79EFBC}") = "SMS_WebAPI", "SMS_WebAPI\SMS_WebAPI.csproj", "{725ADBA7-0143-4469-9244-72B94CF77039}"
EndProject
Global
	GlobalSection(SolutionConfigurationPlatforms) = preSolution
		Debug|Any CPU = Debug|Any CPU
		Release|Any CPU = Release|Any CPU
	EndGlobalSection
	GlobalSection(ProjectConfigurationPlatforms) = postSolution
		{725ADBA7-0143-4469-9244-72B94CF77039}.Debug|Any CPU.ActiveCfg = Debug|Any CPU
		{725ADBA7-0143-4469-9244-72B94CF77039}.Debug|Any CPU.Build.0 = Debug|Any CPU
		{725ADBA7-0143-4469-9244-72B94CF77039}.Release|Any CPU.ActiveCfg = Release|Any CPU
		{725ADBA7-0143-4469-9244-72B94CF77039}.Release|Any CPU.Build.0 = Release|Any CPU
	EndGlobalSection
	GlobalSection(SolutionProperties) = preSolution
		HideSolutionNode = FALSE
	EndGlobalSection
	GlobalSection(ExtensibilityGlobals) = postSolution
		SolutionGuid = {C174F902-F83F-43BC-A3D0-79F485DE688B}
	EndGlobalSection
EndGlobal
